
Microsoft Visual Studio Solution File, Format Version 12.00
# Visual Studio Version 16
VisualStudioVersion = 16.0.29806.167
MinimumVisualStudioVersion = 10.0.40219.1
Project("{9A19103F-16F7-4668-BE54-9A1E7A4F7556}") = "JsOS", "JsOS\JsOS.csproj", "{3AE61EF7-1C65-45FD-8F78-2FD4F84CBB18}"
EndProject
Project("{2150E333-8FDC-42A3-9474-1A3956D46DE8}") = "Docs", "Docs", "{24F11FE4-B48F-426C-B35D-04AA2D38C37F}"
	ProjectSection(SolutionItems) = preProject
		LICENSE = LICENSE
		README.md = README.md
	EndProjectSection
EndProject
Global
	GlobalSection(SolutionConfigurationPlatforms) = preSolution
		Debug|Any CPU = Debug|Any CPU
		Release|Any CPU = Release|Any CPU
	EndGlobalSection
	GlobalSection(ProjectConfigurationPlatforms) = postSolution
		{3AE61EF7-1C65-45FD-8F78-2FD4F84CBB18}.Debug|Any CPU.ActiveCfg = Debug|Any CPU
		{3AE61EF7-1C65-45FD-8F78-2FD4F84CBB18}.Debug|Any CPU.Build.0 = Debug|Any CPU
		{3AE61EF7-1C65-45FD-8F78-2FD4F84CBB18}.Release|Any CPU.ActiveCfg = Release|Any CPU
		{3AE61EF7-1C65-45FD-8F78-2FD4F84CBB18}.Release|Any CPU.Build.0 = Release|Any CPU
	EndGlobalSection
	GlobalSection(SolutionProperties) = preSolution
		HideSolutionNode = FALSE
	EndGlobalSection
	GlobalSection(ExtensibilityGlobals) = postSolution
		SolutionGuid = {61F465C0-79C1-4FD6-8CDC-CA7580061B24}
	EndGlobalSection
EndGlobal
